
Microsoft Visual Studio Solution File, Format Version 12.00
# Visual Studio 14
VisualStudioVersion = 14.0.25123.0
MinimumVisualStudioVersion = 10.0.40219.1
Project("{2150E333-8FDC-42A3-9474-1A3956D46DE8}") = "src", "src", "{8680F787-4F73-425F-A939-9C8C37F3D04C}"
EndProject
Project("{2150E333-8FDC-42A3-9474-1A3956D46DE8}") = "Solution Items", "Solution Items", "{DE78CA6F-72EE-42B0-975B-4B12E2A2FA89}"
	ProjectSection(SolutionItems) = preProject
		Dockerfile = Dockerfile
		global.json = global.json
		Vagrantfile = Vagrantfile
	EndProjectSection
EndProject
Project("{8BB2217D-0F2D-49D1-97BC-3654ED321F3B}") = "LinuxSqlServer", "src\LinuxSqlServer\LinuxSqlServer.xproj", "{CE8B4143-BA73-48A3-9B86-8712B9FC4F27}"
EndProject
Global
	GlobalSection(SolutionConfigurationPlatforms) = preSolution
		Debug|Any CPU = Debug|Any CPU
		Release|Any CPU = Release|Any CPU
	EndGlobalSection
	GlobalSection(ProjectConfigurationPlatforms) = postSolution
		{CE8B4143-BA73-48A3-9B86-8712B9FC4F27}.Debug|Any CPU.ActiveCfg = Debug|Any CPU
		{CE8B4143-BA73-48A3-9B86-8712B9FC4F27}.Debug|Any CPU.Build.0 = Debug|Any CPU
		{CE8B4143-BA73-48A3-9B86-8712B9FC4F27}.Release|Any CPU.ActiveCfg = Release|Any CPU
		{CE8B4143-BA73-48A3-9B86-8712B9FC4F27}.Release|Any CPU.Build.0 = Release|Any CPU
	EndGlobalSection
	GlobalSection(SolutionProperties) = preSolution
		HideSolutionNode = FALSE
	EndGlobalSection
	GlobalSection(NestedProjects) = preSolution
		{CE8B4143-BA73-48A3-9B86-8712B9FC4F27} = {8680F787-4F73-425F-A939-9C8C37F3D04C}
	EndGlobalSection
EndGlobal
